
Microsoft Visual Studio Solution File, Format Version 12.00
# Visual Studio Version 17
VisualStudioVersion = 17.0.31903.59
MinimumVisualStudioVersion = 10.0.40219.1
Project("{FAE04EC0-301F-11D3-BF4B-00C04F79EFBC}") = "CarShowroom", "CarShowroom\CarShowroom.csproj", "{FBA69CE1-013D-4973-851F-8994E1F49098}"
EndProject
Global
	GlobalSection(SolutionConfigurationPlatforms) = preSolution
		Debug|Any CPU = Debug|Any CPU
		Release|Any CPU = Release|Any CPU
	EndGlobalSection
	GlobalSection(ProjectConfigurationPlatforms) = postSolution
		{FBA69CE1-013D-4973-851F-8994E1F49098}.Debug|Any CPU.ActiveCfg = Debug|Any CPU
		{FBA69CE1-013D-4973-851F-8994E1F49098}.Debug|Any CPU.Build.0 = Debug|Any CPU
		{FBA69CE1-013D-4973-851F-8994E1F49098}.Release|Any CPU.ActiveCfg = Release|Any CPU
		{FBA69CE1-013D-4973-851F-8994E1F49098}.Release|Any CPU.Build.0 = Release|Any CPU
	EndGlobalSection
	GlobalSection(SolutionProperties) = preSolution
		HideSolutionNode = FALSE
	EndGlobalSection
	GlobalSection(ExtensibilityGlobals) = postSolution
		SolutionGuid = {5A730204-D47A-499F-99D1-9C9CB80CB544}
	EndGlobalSection
EndGlobal
